
Microsoft Visual Studio Solution File, Format Version 12.00
# Visual Studio 14
VisualStudioVersion = 14.0.25420.1
MinimumVisualStudioVersion = 10.0.40219.1
Project("{8BC9CEB8-8B4A-11D0-8D11-00A0C91BC942}") = "Godunov_1d_omp", "Godunov_1d_omp\Godunov_1d_omp.vcxproj", "{3D05A673-42FD-4594-8359-98DCBFB18E1C}"
EndProject
Global
	GlobalSection(SolutionConfigurationPlatforms) = preSolution
		Debug|x64 = Debug|x64
		Debug|x86 = Debug|x86
		rel2|x64 = rel2|x64
		rel2|x86 = rel2|x86
		rel3|x64 = rel3|x64
		rel3|x86 = rel3|x86
		Release|x64 = Release|x64
		Release|x86 = Release|x86
	EndGlobalSection
	GlobalSection(ProjectConfigurationPlatforms) = postSolution
		{3D05A673-42FD-4594-8359-98DCBFB18E1C}.Debug|x64.ActiveCfg = Debug|x64
		{3D05A673-42FD-4594-8359-98DCBFB18E1C}.Debug|x64.Build.0 = Debug|x64
		{3D05A673-42FD-4594-8359-98DCBFB18E1C}.Debug|x86.ActiveCfg = Debug|Win32
		{3D05A673-42FD-4594-8359-98DCBFB18E1C}.Debug|x86.Build.0 = Debug|Win32
		{3D05A673-42FD-4594-8359-98DCBFB18E1C}.rel2|x64.ActiveCfg = rel2|x64
		{3D05A673-42FD-4594-8359-98DCBFB18E1C}.rel2|x64.Build.0 = rel2|x64
		{3D05A673-42FD-4594-8359-98DCBFB18E1C}.rel2|x86.ActiveCfg = rel2|Win32
		{3D05A673-42FD-4594-8359-98DCBFB18E1C}.rel2|x86.Build.0 = rel2|Win32
		{3D05A673-42FD-4594-8359-98DCBFB18E1C}.rel3|x64.ActiveCfg = rel3|x64
		{3D05A673-42FD-4594-8359-98DCBFB18E1C}.rel3|x64.Build.0 = rel3|x64
		{3D05A673-42FD-4594-8359-98DCBFB18E1C}.rel3|x86.ActiveCfg = rel3|Win32
		{3D05A673-42FD-4594-8359-98DCBFB18E1C}.rel3|x86.Build.0 = rel3|Win32
		{3D05A673-42FD-4594-8359-98DCBFB18E1C}.Release|x64.ActiveCfg = Release|x64
		{3D05A673-42FD-4594-8359-98DCBFB18E1C}.Release|x64.Build.0 = Release|x64
		{3D05A673-42FD-4594-8359-98DCBFB18E1C}.Release|x86.ActiveCfg = Release|Win32
		{3D05A673-42FD-4594-8359-98DCBFB18E1C}.Release|x86.Build.0 = Release|Win32
	EndGlobalSection
	GlobalSection(SolutionProperties) = preSolution
		HideSolutionNode = FALSE
	EndGlobalSection
EndGlobal
